{
  "version": 1,
  "mode": "unlocked",
  "lockedAt": "2026-04-26T04:18:18.589Z",
  "lockedBy": {
    "uid": 501,
    "user": "rijuvashisht",
    "hostname": "Mac"
  },
  "hmacAlgorithm": "sha256",
  "files": [
    {
      "path": "breaking-changes-tracking.md",
      "sha256": "448cb6d9bcc7ba879ae3ed24255a6d76896f64aef7137655baf62e38b02a53e7",
      "size": 5828,
      "modifiedAt": "2026-04-20T02:54:10.746Z",
      "permissions": "0644"
    },
    {
      "path": "decisions.md",
      "sha256": "8995cffc1dac18b6d2e3fd18a9b39241dd01d2dadd123b2172487031d3205a33",
      "size": 4386,
      "modifiedAt": "2026-04-20T05:39:28.593Z",
      "permissions": "0644"
    },
    {
      "path": "dependencies.md",
      "sha256": "97408c79f8fbd49e792f6f01b5d3e6c94bcf3886ee3a61d913550f432bb8ebc2",
      "size": 3306,
      "modifiedAt": "2026-04-19T04:36:20.119Z",
      "permissions": "0644"
    },
    {
      "path": "file-index.md",
      "sha256": "0e16d701b354f9d9e272d5c83d69dc3825bcd953674045b019f9ae89b1c1582c",
      "size": 3331,
      "modifiedAt": "2026-04-19T04:36:20.119Z",
      "permissions": "0644"
    },
    {
      "path": "graph-report.md",
      "sha256": "bac48cbc490aba1c7700e48850d60d440876fcbce1fd2f14efa3d8f038e0d918",
      "size": 10796,
      "modifiedAt": "2026-04-19T04:36:20.119Z",
      "permissions": "0644"
    },
    {
      "path": "graph.html",
      "sha256": "c50f81099cf6c6165a2382a9befb0b125e63b4090c8324765a8a2db4659b1c0c",
      "size": 145441,
      "modifiedAt": "2026-04-19T04:36:20.120Z",
      "permissions": "0644"
    },
    {
      "path": "graph.json",
      "sha256": "23aeadc95b4d247145df374d49cd5d2fda1c76c83d83413891942bf842e11f86",
      "size": 190398,
      "modifiedAt": "2026-04-19T04:36:20.120Z",
      "permissions": "0644"
    },
    {
      "path": "modules/..md",
      "sha256": "cfdac3cb8bb0ba043b715c2c6083e74b0f3605a1dc6f7ff2bdf38549a2c36048",
      "size": 605,
      "modifiedAt": "2026-04-19T04:36:20.120Z",
      "permissions": "0644"
    },
    {
      "path": "modules/examples.md",
      "sha256": "92651e3d418c5e9bd9588faa28ef1cafb25810a22e67b0ee1c16c146db4e7ec8",
      "size": 271,
      "modifiedAt": "2026-04-19T04:36:20.121Z",
      "permissions": "0644"
    },
    {
      "path": "modules/examples_java-backend.md",
      "sha256": "f6de931501e1e90e052482196825afa9aff44a735dbb80839f0bfb5e6bc7e6c6",
      "size": 325,
      "modifiedAt": "2026-04-19T04:36:20.121Z",
      "permissions": "0644"
    },
    {
      "path": "modules/examples_java-backend_tasks.md",
      "sha256": "8cf61079870edefddec9ae429d253689d979cec7be700142908f2e9ede262375",
      "size": 556,
      "modifiedAt": "2026-04-19T04:36:20.121Z",
      "permissions": "0644"
    },
    {
      "path": "modules/examples_nextjs-frontend.md",
      "sha256": "49861d82eed11f248858fe5b49dc72cfc3184da73ce652fa3011b47496d9e91e",
      "size": 334,
      "modifiedAt": "2026-04-19T04:36:20.121Z",
      "permissions": "0644"
    },
    {
      "path": "modules/examples_nextjs-frontend_.github.md",
      "sha256": "9199039259796202bc9a19d8ccc1b389a919b50740b0b05aeeb72b2a08afb76e",
      "size": 252,
      "modifiedAt": "2026-04-19T04:36:20.122Z",
      "permissions": "0644"
    },
    {
      "path": "modules/examples_nextjs-frontend_.github_agents.md",
      "sha256": "a4a16e1344b81b9fcb27a60ae1752fc03d77e66494c3f3fc546837db7f25af28",
      "size": 726,
      "modifiedAt": "2026-04-19T04:36:20.122Z",
      "permissions": "0644"
    },
    {
      "path": "modules/examples_nextjs-frontend_tasks.md",
      "sha256": "df4a11198d341a597095e491caef3b68f643f8bbdca3e4a4e5e04baf89505ad2",
      "size": 550,
      "modifiedAt": "2026-04-19T04:36:20.122Z",
      "permissions": "0644"
    },
    {
      "path": "modules/examples_tasks.md",
      "sha256": "b8134fbc6e4866fb4936e0cc51490bd9db4a355b5b7c3e19c83ae15fbe73de80",
      "size": 322,
      "modifiedAt": "2026-04-19T04:36:20.122Z",
      "permissions": "0644"
    },
    {
      "path": "modules/src.md",
      "sha256": "6abb5d699cff3178f35d24814561051d26b43b7b63201107c9f334d737f3f897",
      "size": 455,
      "modifiedAt": "2026-04-19T04:36:20.123Z",
      "permissions": "0644"
    },
    {
      "path": "modules/src_commands.md",
      "sha256": "2bb49f2730a8345c3e34d3afb68314a20f75945aff447813b8cd4a18f10f141b",
      "size": 3234,
      "modifiedAt": "2026-04-19T04:36:20.123Z",
      "permissions": "0644"
    },
    {
      "path": "modules/src_core.md",
      "sha256": "5fa5bd449a56babf0b7700d9844874e6648989bce4749a6003cb575e1991b8b3",
      "size": 4051,
      "modifiedAt": "2026-04-19T04:36:20.123Z",
      "permissions": "0644"
    },
    {
      "path": "modules/src_mcp.md",
      "sha256": "120f15b73cdd73e679f9df775b9a67ff1761b18ec6463498631d90ebc3aec4c7",
      "size": 583,
      "modifiedAt": "2026-04-19T04:36:20.123Z",
      "permissions": "0644"
    },
    {
      "path": "modules/src_mcp_tools.md",
      "sha256": "f72a2b134dc26aefee9ed16dd07e02349f653e00f34860dc1ebec53a9e26a918",
      "size": 1165,
      "modifiedAt": "2026-04-19T04:36:20.124Z",
      "permissions": "0644"
    },
    {
      "path": "modules/src_runners.md",
      "sha256": "adcd0560a92692fb8f232330e83de3d1868e18e88a70b856659b66ec3e62dc6b",
      "size": 1250,
      "modifiedAt": "2026-04-19T04:36:20.124Z",
      "permissions": "0644"
    },
    {
      "path": "modules/src_templates.md",
      "sha256": "5de024ffbc6bed9ad7df9ef2f28c465f61d2a3c02f0631022979f1e16866d412",
      "size": 206,
      "modifiedAt": "2026-04-19T04:36:20.124Z",
      "permissions": "0644"
    },
    {
      "path": "modules/src_templates_base_.github.md",
      "sha256": "30d5385b9757d409e68fde23eacc1b94e19bfd9b0cef69eeb986148860b19aff",
      "size": 240,
      "modifiedAt": "2026-04-19T04:36:20.124Z",
      "permissions": "0644"
    },
    {
      "path": "modules/src_templates_base_.github_agents.md",
      "sha256": "2824a83258303d46fd0a47d8b9aa3121dcb0f2901945fa1859bb8d25ea784e16",
      "size": 696,
      "modifiedAt": "2026-04-19T04:36:20.124Z",
      "permissions": "0644"
    },
    {
      "path": "modules/src_templates_power-packs_adapters_graphify.md",
      "sha256": "26f5d0f855ea7b7cc9e8eae6f04458e0e6ee0617f0ec61bb968bf935e682425a",
      "size": 372,
      "modifiedAt": "2026-04-19T04:36:20.124Z",
      "permissions": "0644"
    },
    {
      "path": "modules/src_templates_power-packs_adapters_openclaw.md",
      "sha256": "e7671688f8e01171e6acee2c455aa0042a10448939ed0d816b71be8078547a2d",
      "size": 390,
      "modifiedAt": "2026-04-19T04:36:20.124Z",
      "permissions": "0644"
    },
    {
      "path": "modules/src_templates_power-packs_clouds_azure.md",
      "sha256": "3471683b53b56df010f2a20ee80f300eb3148c92cc11ab2b2291797707fd3768",
      "size": 352,
      "modifiedAt": "2026-04-19T04:36:20.125Z",
      "permissions": "0644"
    },
    {
      "path": "modules/src_templates_power-packs_frameworks_nextjs.md",
      "sha256": "58ca011d013127335ae0a7ec201a12836c585267b3a987277aa488ffa817b207",
      "size": 367,
      "modifiedAt": "2026-04-19T04:36:20.125Z",
      "permissions": "0644"
    },
    {
      "path": "modules/src_templates_power-packs_integrations_openclaw.md",
      "sha256": "d78ada9439e69dc548182abbbcbb60274d63ec4544c3b4b56bdc82fcdf03a87e",
      "size": 378,
      "modifiedAt": "2026-04-19T04:36:20.125Z",
      "permissions": "0644"
    },
    {
      "path": "modules/src_templates_power-packs_languages_typescript.md",
      "sha256": "c08e0f7240de471461d3cc77da89e92168e42a6a05d3adb8cead65068d42242e",
      "size": 375,
      "modifiedAt": "2026-04-19T04:36:20.125Z",
      "permissions": "0644"
    },
    {
      "path": "modules/src_templates_power-packs_project-types_ai-platform.md",
      "sha256": "ca5b2a6420090809b8c9f0c0bc71b01ee85abedddc6963cabe6cdce1c750021d",
      "size": 391,
      "modifiedAt": "2026-04-19T04:36:20.125Z",
      "permissions": "0644"
    },
    {
      "path": "modules/src_utils.md",
      "sha256": "0f4c4a10c2677dd3b1bd67a5ad80bf075126ed2d17a341205df0290a38c804a2",
      "size": 1888,
      "modifiedAt": "2026-04-19T04:36:20.126Z",
      "permissions": "0644"
    },
    {
      "path": "modules/tests_core.md",
      "sha256": "ea7d8a2477842d3982924d5a44bd1d2ea711e73b61c08f42c2cb85d0792bdc6d",
      "size": 748,
      "modifiedAt": "2026-04-19T04:36:20.126Z",
      "permissions": "0644"
    },
    {
      "path": "root-summary.md",
      "sha256": "b71b74b87bca21ffb7223007a79d7881b53efe5815bab4f0fef33fe1411daabf",
      "size": 4715,
      "modifiedAt": "2026-04-19T04:36:20.126Z",
      "permissions": "0644"
    }
  ],
  "policy": {
    "allowRuntimeWrites": false,
    "requireOwnerToUnlock": true,
    "requireRootToUnlock": false,
    "rejectOnHashMismatch": true
  }
}